
Microsoft Visual Studio Solution File, Format Version 12.00
# Visual Studio Version 17
VisualStudioVersion = 17.8.34330.188
MinimumVisualStudioVersion = 10.0.40219.1
Project("{FAE04EC0-301F-11D3-BF4B-00C04F79EFBC}") = "akvarium25.10", "akvarium25.10\akvarium25.10.csproj", "{067B14BB-D5B3-4E03-BF6C-843AEA5463A2}"
EndProject
Global
	GlobalSection(SolutionConfigurationPlatforms) = preSolution
		Debug|Any CPU = Debug|Any CPU
		Release|Any CPU = Release|Any CPU
	EndGlobalSection
	GlobalSection(ProjectConfigurationPlatforms) = postSolution
		{067B14BB-D5B3-4E03-BF6C-843AEA5463A2}.Debug|Any CPU.ActiveCfg = Debug|Any CPU
		{067B14BB-D5B3-4E03-BF6C-843AEA5463A2}.Debug|Any CPU.Build.0 = Debug|Any CPU
		{067B14BB-D5B3-4E03-BF6C-843AEA5463A2}.Release|Any CPU.ActiveCfg = Release|Any CPU
		{067B14BB-D5B3-4E03-BF6C-843AEA5463A2}.Release|Any CPU.Build.0 = Release|Any CPU
	EndGlobalSection
	GlobalSection(SolutionProperties) = preSolution
		HideSolutionNode = FALSE
	EndGlobalSection
	GlobalSection(ExtensibilityGlobals) = postSolution
		SolutionGuid = {C091CEFE-18C0-4884-913D-22D64B2E3E45}
	EndGlobalSection
EndGlobal
